
Microsoft Visual Studio Solution File, Format Version 12.00
# Visual Studio Version 17
VisualStudioVersion = 17.9.34728.123
MinimumVisualStudioVersion = 10.0.40219.1
Project("{FAE04EC0-301F-11D3-BF4B-00C04F79EFBC}") = "WinFormsApp1", "WinFormsApp1\WinFormsApp1.csproj", "{0ECE272D-C377-41C4-87BD-82E2970453A8}"
EndProject
Global
	GlobalSection(SolutionConfigurationPlatforms) = preSolution
		Debug|Any CPU = Debug|Any CPU
		Release|Any CPU = Release|Any CPU
	EndGlobalSection
	GlobalSection(ProjectConfigurationPlatforms) = postSolution
		{0ECE272D-C377-41C4-87BD-82E2970453A8}.Debug|Any CPU.ActiveCfg = Debug|Any CPU
		{0ECE272D-C377-41C4-87BD-82E2970453A8}.Debug|Any CPU.Build.0 = Debug|Any CPU
		{0ECE272D-C377-41C4-87BD-82E2970453A8}.Release|Any CPU.ActiveCfg = Release|Any CPU
		{0ECE272D-C377-41C4-87BD-82E2970453A8}.Release|Any CPU.Build.0 = Release|Any CPU
	EndGlobalSection
	GlobalSection(SolutionProperties) = preSolution
		HideSolutionNode = FALSE
	EndGlobalSection
	GlobalSection(ExtensibilityGlobals) = postSolution
		SolutionGuid = {E1365BDD-242D-4F70-A950-CDC22F16AB65}
	EndGlobalSection
EndGlobal
